{
  "version": 4,
  "terraform_version": "1.4.6",
  "serial": 111,
  "lineage": "2c0a22f2-b9c1-708a-6e18-cc22ef2f8a1a",
  "outputs": {},
  "resources": [
    {
      "module": "module.ResourceGroup",
      "mode": "managed",
      "type": "azurerm_resource_group",
      "name": "TFResourceGrp1",
      "provider": "provider[\"registry.terraform.io/hashicorp/azurerm\"]",
      "instances": [
        {
          "schema_version": 0,
          "attributes": {
            "id": "/subscriptions/94b0b67a-68c3-4c04-8d71-61ccceab493a/resourceGroups/TfAzLb_RG",
            "location": "ukwest",
            "name": "TfAzLb_RG",
            "tags": {
              "environment": "Development"
            },
            "timeouts": null
          },
          "sensitive_attributes": [],
          "private": "eyJlMmJmYjczMC1lY2FhLTExZTYtOGY4OC0zNDM2M2JjN2M0YzAiOnsiY3JlYXRlIjo1NDAwMDAwMDAwMDAwLCJkZWxldGUiOjU0MDAwMDAwMDAwMDAsInJlYWQiOjMwMDAwMDAwMDAwMCwidXBkYXRlIjo1NDAwMDAwMDAwMDAwfX0="
        }
      ]
    },
    {
      "module": "module.loadbalancer",
      "mode": "managed",
      "type": "azurerm_lb",
      "name": "TfAzLoadBalancer",
      "provider": "provider[\"registry.terraform.io/hashicorp/azurerm\"]",
      "instances": [
        {
          "schema_version": 0,
          "attributes": {
            "edge_zone": "",
            "frontend_ip_configuration": [
              {
                "gateway_load_balancer_frontend_ip_configuration_id": "",
                "id": "/subscriptions/94b0b67a-68c3-4c04-8d71-61ccceab493a/resourceGroups/TfAzLb_RG/providers/Microsoft.Network/loadBalancers/TestLoadBalancer/frontendIPConfigurations/LBFePublicIP",
                "inbound_nat_rules": [],
                "load_balancer_rules": [],
                "name": "LBFePublicIP",
                "outbound_rules": [],
                "private_ip_address": "",
                "private_ip_address_allocation": "Dynamic",
                "private_ip_address_version": "",
                "public_ip_address_id": "/subscriptions/94b0b67a-68c3-4c04-8d71-61ccceab493a/resourceGroups/TfAzLb_RG/providers/Microsoft.Network/publicIPAddresses/PublicIPForLB",
                "public_ip_prefix_id": "",
                "subnet_id": "",
                "zones": null
              }
            ],
            "id": "/subscriptions/94b0b67a-68c3-4c04-8d71-61ccceab493a/resourceGroups/TfAzLb_RG/providers/Microsoft.Network/loadBalancers/TestLoadBalancer",
            "location": "ukwest",
            "name": "TestLoadBalancer",
            "private_ip_address": "",
            "private_ip_addresses": [],
            "resource_group_name": "TfAzLb_RG",
            "sku": "Standard",
            "sku_tier": "Regional",
            "tags": null,
            "timeouts": null
          },
          "sensitive_attributes": [],
          "private": "eyJlMmJmYjczMC1lY2FhLTExZTYtOGY4OC0zNDM2M2JjN2M0YzAiOnsiY3JlYXRlIjoxODAwMDAwMDAwMDAwLCJkZWxldGUiOjE4MDAwMDAwMDAwMDAsInJlYWQiOjMwMDAwMDAwMDAwMCwidXBkYXRlIjoxODAwMDAwMDAwMDAwfX0=",
          "dependencies": [
            "module.ResourceGroup.azurerm_resource_group.TFResourceGrp1",
            "module.loadbalancer.azurerm_public_ip.LB_PublicIP"
          ]
        }
      ]
    },
    {
      "module": "module.loadbalancer",
      "mode": "managed",
      "type": "azurerm_lb_backend_address_pool",
      "name": "TfAzLbBackendPool",
      "provider": "provider[\"registry.terraform.io/hashicorp/azurerm\"]",
      "instances": [
        {
          "schema_version": 0,
          "attributes": {
            "backend_ip_configurations": [],
            "id": "/subscriptions/94b0b67a-68c3-4c04-8d71-61ccceab493a/resourceGroups/TfAzLb_RG/providers/Microsoft.Network/loadBalancers/TestLoadBalancer/backendAddressPools/BackEndAddressPool",
            "inbound_nat_rules": [],
            "load_balancing_rules": [],
            "loadbalancer_id": "/subscriptions/94b0b67a-68c3-4c04-8d71-61ccceab493a/resourceGroups/TfAzLb_RG/providers/Microsoft.Network/loadBalancers/TestLoadBalancer",
            "name": "BackEndAddressPool",
            "outbound_rules": [],
            "timeouts": null,
            "tunnel_interface": [],
            "virtual_network_id": ""
          },
          "sensitive_attributes": [],
          "private": "eyJlMmJmYjczMC1lY2FhLTExZTYtOGY4OC0zNDM2M2JjN2M0YzAiOnsiY3JlYXRlIjoxODAwMDAwMDAwMDAwLCJkZWxldGUiOjE4MDAwMDAwMDAwMDAsInJlYWQiOjMwMDAwMDAwMDAwMCwidXBkYXRlIjoxODAwMDAwMDAwMDAwfX0=",
          "dependencies": [
            "module.ResourceGroup.azurerm_resource_group.TFResourceGrp1",
            "module.loadbalancer.azurerm_lb.TfAzLoadBalancer",
            "module.loadbalancer.azurerm_public_ip.LB_PublicIP"
          ]
        }
      ]
    },
    {
      "module": "module.loadbalancer",
      "mode": "managed",
      "type": "azurerm_lb_backend_address_pool_address",
      "name": "TfAzLbBkndPoolAddrVM01",
      "provider": "provider[\"registry.terraform.io/hashicorp/azurerm\"]",
      "instances": [
        {
          "schema_version": 0,
          "attributes": {
            "backend_address_ip_configuration_id": "",
            "backend_address_pool_id": "/subscriptions/94b0b67a-68c3-4c04-8d71-61ccceab493a/resourceGroups/TfAzLb_RG/providers/Microsoft.Network/loadBalancers/TestLoadBalancer/backendAddressPools/BackEndAddressPool",
            "id": "/subscriptions/94b0b67a-68c3-4c04-8d71-61ccceab493a/resourceGroups/TfAzLb_RG/providers/Microsoft.Network/loadBalancers/TestLoadBalancer/backendAddressPools/BackEndAddressPool/addresses/address1",
            "inbound_nat_rule_port_mapping": [],
            "ip_address": "10.0.1.6",
            "name": "address1",
            "timeouts": null,
            "virtual_network_id": "/subscriptions/94b0b67a-68c3-4c04-8d71-61ccceab493a/resourceGroups/TfAzLb_RG/providers/Microsoft.Network/virtualNetworks/TfAzLbVnet"
          },
          "sensitive_attributes": [],
          "private": "eyJlMmJmYjczMC1lY2FhLTExZTYtOGY4OC0zNDM2M2JjN2M0YzAiOnsiY3JlYXRlIjoxODAwMDAwMDAwMDAwLCJkZWxldGUiOjE4MDAwMDAwMDAwMDAsInJlYWQiOjMwMDAwMDAwMDAwMCwidXBkYXRlIjoxODAwMDAwMDAwMDAwfX0=",
          "dependencies": [
            "module.ResourceGroup.azurerm_resource_group.TFResourceGrp1",
            "module.loadbalancer.azurerm_lb.TfAzLoadBalancer",
            "module.loadbalancer.azurerm_lb_backend_address_pool.TfAzLbBackendPool",
            "module.loadbalancer.azurerm_public_ip.LB_PublicIP",
            "module.vmachine01.azurerm_network_interface.TFModuleNic",
            "module.vmachine01.azurerm_public_ip.TfAzLbPublicIP",
            "module.vnet.azurerm_subnet.TFSubnet1",
            "module.vnet.azurerm_virtual_network.TFVNetwork1"
          ]
        }
      ]
    },
    {
      "module": "module.loadbalancer",
      "mode": "managed",
      "type": "azurerm_lb_backend_address_pool_address",
      "name": "TfAzLbBkndPoolAddrVM02",
      "provider": "provider[\"registry.terraform.io/hashicorp/azurerm\"]",
      "instances": [
        {
          "schema_version": 0,
          "attributes": {
            "backend_address_ip_configuration_id": "",
            "backend_address_pool_id": "/subscriptions/94b0b67a-68c3-4c04-8d71-61ccceab493a/resourceGroups/TfAzLb_RG/providers/Microsoft.Network/loadBalancers/TestLoadBalancer/backendAddressPools/BackEndAddressPool",
            "id": "/subscriptions/94b0b67a-68c3-4c04-8d71-61ccceab493a/resourceGroups/TfAzLb_RG/providers/Microsoft.Network/loadBalancers/TestLoadBalancer/backendAddressPools/BackEndAddressPool/addresses/address2",
            "inbound_nat_rule_port_mapping": [],
            "ip_address": "10.0.1.5",
            "name": "address2",
            "timeouts": null,
            "virtual_network_id": "/subscriptions/94b0b67a-68c3-4c04-8d71-61ccceab493a/resourceGroups/TfAzLb_RG/providers/Microsoft.Network/virtualNetworks/TfAzLbVnet"
          },
          "sensitive_attributes": [],
          "private": "eyJlMmJmYjczMC1lY2FhLTExZTYtOGY4OC0zNDM2M2JjN2M0YzAiOnsiY3JlYXRlIjoxODAwMDAwMDAwMDAwLCJkZWxldGUiOjE4MDAwMDAwMDAwMDAsInJlYWQiOjMwMDAwMDAwMDAwMCwidXBkYXRlIjoxODAwMDAwMDAwMDAwfX0=",
          "dependencies": [
            "module.ResourceGroup.azurerm_resource_group.TFResourceGrp1",
            "module.loadbalancer.azurerm_lb.TfAzLoadBalancer",
            "module.loadbalancer.azurerm_lb_backend_address_pool.TfAzLbBackendPool",
            "module.loadbalancer.azurerm_public_ip.LB_PublicIP",
            "module.vmachine02.azurerm_network_interface.TFModuleNic",
            "module.vmachine02.azurerm_public_ip.TfAzLbPublicIP",
            "module.vnet.azurerm_subnet.TFSubnet1",
            "module.vnet.azurerm_virtual_network.TFVNetwork1"
          ]
        }
      ]
    },
    {
      "module": "module.loadbalancer",
      "mode": "managed",
      "type": "azurerm_lb_probe",
      "name": "TfAzLbProbe",
      "provider": "provider[\"registry.terraform.io/hashicorp/azurerm\"]",
      "instances": [
        {
          "schema_version": 0,
          "attributes": {
            "id": "/subscriptions/94b0b67a-68c3-4c04-8d71-61ccceab493a/resourceGroups/TfAzLb_RG/providers/Microsoft.Network/loadBalancers/TestLoadBalancer/probes/ssh-running-probe",
            "interval_in_seconds": 15,
            "load_balancer_rules": [],
            "loadbalancer_id": "/subscriptions/94b0b67a-68c3-4c04-8d71-61ccceab493a/resourceGroups/TfAzLb_RG/providers/Microsoft.Network/loadBalancers/TestLoadBalancer",
            "name": "ssh-running-probe",
            "number_of_probes": 2,
            "port": 22,
            "probe_threshold": 1,
            "protocol": "Tcp",
            "request_path": "",
            "timeouts": null
          },
          "sensitive_attributes": [],
          "private": "eyJlMmJmYjczMC1lY2FhLTExZTYtOGY4OC0zNDM2M2JjN2M0YzAiOnsiY3JlYXRlIjoxODAwMDAwMDAwMDAwLCJkZWxldGUiOjE4MDAwMDAwMDAwMDAsInJlYWQiOjMwMDAwMDAwMDAwMCwidXBkYXRlIjoxODAwMDAwMDAwMDAwfX0=",
          "dependencies": [
            "module.ResourceGroup.azurerm_resource_group.TFResourceGrp1",
            "module.loadbalancer.azurerm_lb.TfAzLoadBalancer",
            "module.loadbalancer.azurerm_public_ip.LB_PublicIP"
          ]
        }
      ]
    },
    {
      "module": "module.loadbalancer",
      "mode": "managed",
      "type": "azurerm_lb_rule",
      "name": "TfAzLbRule",
      "provider": "provider[\"registry.terraform.io/hashicorp/azurerm\"]",
      "instances": [
        {
          "schema_version": 0,
          "attributes": {
            "backend_address_pool_ids": null,
            "backend_port": 3390,
            "disable_outbound_snat": false,
            "enable_floating_ip": false,
            "enable_tcp_reset": false,
            "frontend_ip_configuration_id": "/subscriptions/94b0b67a-68c3-4c04-8d71-61ccceab493a/resourceGroups/TfAzLb_RG/providers/Microsoft.Network/loadBalancers/TestLoadBalancer/frontendIPConfigurations/LBFePublicIP",
            "frontend_ip_configuration_name": "LBFePublicIP",
            "frontend_port": 3389,
            "id": "/subscriptions/94b0b67a-68c3-4c04-8d71-61ccceab493a/resourceGroups/TfAzLb_RG/providers/Microsoft.Network/loadBalancers/TestLoadBalancer/loadBalancingRules/LBRule1",
            "idle_timeout_in_minutes": 4,
            "load_distribution": "Default",
            "loadbalancer_id": "/subscriptions/94b0b67a-68c3-4c04-8d71-61ccceab493a/resourceGroups/TfAzLb_RG/providers/Microsoft.Network/loadBalancers/TestLoadBalancer",
            "name": "LBRule1",
            "probe_id": "",
            "protocol": "Tcp",
            "timeouts": null
          },
          "sensitive_attributes": [],
          "private": "eyJlMmJmYjczMC1lY2FhLTExZTYtOGY4OC0zNDM2M2JjN2M0YzAiOnsiY3JlYXRlIjoxODAwMDAwMDAwMDAwLCJkZWxldGUiOjE4MDAwMDAwMDAwMDAsInJlYWQiOjMwMDAwMDAwMDAwMCwidXBkYXRlIjoxODAwMDAwMDAwMDAwfX0=",
          "dependencies": [
            "module.ResourceGroup.azurerm_resource_group.TFResourceGrp1",
            "module.loadbalancer.azurerm_lb.TfAzLoadBalancer",
            "module.loadbalancer.azurerm_public_ip.LB_PublicIP"
          ]
        }
      ]
    },
    {
      "module": "module.loadbalancer",
      "mode": "managed",
      "type": "azurerm_public_ip",
      "name": "LB_PublicIP",
      "provider": "provider[\"registry.terraform.io/hashicorp/azurerm\"]",
      "instances": [
        {
          "schema_version": 0,
          "attributes": {
            "allocation_method": "Static",
            "ddos_protection_mode": "VirtualNetworkInherited",
            "ddos_protection_plan_id": null,
            "domain_name_label": null,
            "edge_zone": "",
            "fqdn": null,
            "id": "/subscriptions/94b0b67a-68c3-4c04-8d71-61ccceab493a/resourceGroups/TfAzLb_RG/providers/Microsoft.Network/publicIPAddresses/PublicIPForLB",
            "idle_timeout_in_minutes": 4,
            "ip_address": "51.141.3.76",
            "ip_tags": null,
            "ip_version": "IPv4",
            "location": "ukwest",
            "name": "PublicIPForLB",
            "public_ip_prefix_id": null,
            "resource_group_name": "TfAzLb_RG",
            "reverse_fqdn": null,
            "sku": "Standard",
            "sku_tier": "Regional",
            "tags": null,
            "timeouts": null,
            "zones": null
          },
          "sensitive_attributes": [],
          "private": "eyJlMmJmYjczMC1lY2FhLTExZTYtOGY4OC0zNDM2M2JjN2M0YzAiOnsiY3JlYXRlIjoxODAwMDAwMDAwMDAwLCJkZWxldGUiOjE4MDAwMDAwMDAwMDAsInJlYWQiOjMwMDAwMDAwMDAwMCwidXBkYXRlIjoxODAwMDAwMDAwMDAwfX0=",
          "dependencies": [
            "module.ResourceGroup.azurerm_resource_group.TFResourceGrp1"
          ]
        }
      ]
    },
    {
      "module": "module.vmachine01",
      "mode": "managed",
      "type": "azurerm_linux_virtual_machine",
      "name": "TFModuleVM",
      "provider": "provider[\"registry.terraform.io/hashicorp/azurerm\"]",
      "instances": [
        {
          "schema_version": 0,
          "attributes": {
            "additional_capabilities": [],
            "admin_password": "admin123!",
            "admin_ssh_key": [],
            "admin_username": "adminuser",
            "allow_extension_operations": true,
            "availability_set_id": "",
            "boot_diagnostics": [],
            "capacity_reservation_group_id": "",
            "computer_name": "TfAzLbVM01",
            "custom_data": null,
            "dedicated_host_group_id": "",
            "dedicated_host_id": "",
            "disable_password_authentication": false,
            "edge_zone": "",
            "encryption_at_host_enabled": false,
            "eviction_policy": "",
            "extensions_time_budget": "PT1H30M",
            "gallery_application": [],
            "id": "/subscriptions/94b0b67a-68c3-4c04-8d71-61ccceab493a/resourceGroups/TfAzLb_RG/providers/Microsoft.Compute/virtualMachines/TfAzLbVM01",
            "identity": [],
            "license_type": "",
            "location": "ukwest",
            "max_bid_price": -1,
            "name": "TfAzLbVM01",
            "network_interface_ids": [
              "/subscriptions/94b0b67a-68c3-4c04-8d71-61ccceab493a/resourceGroups/TfAzLb_RG/providers/Microsoft.Network/networkInterfaces/TfAzLbNic01"
            ],
            "os_disk": [
              {
                "caching": "ReadWrite",
                "diff_disk_settings": [],
                "disk_encryption_set_id": "",
                "disk_size_gb": 30,
                "name": "TfAzLbVM01_OsDisk_1_03449be9aea54ca291abb4476c33518c",
                "secure_vm_disk_encryption_set_id": "",
                "security_encryption_type": "",
                "storage_account_type": "Standard_LRS",
                "write_accelerator_enabled": false
              }
            ],
            "patch_assessment_mode": "ImageDefault",
            "patch_mode": "ImageDefault",
            "plan": [],
            "platform_fault_domain": -1,
            "priority": "Regular",
            "private_ip_address": "10.0.1.6",
            "private_ip_addresses": [
              "10.0.1.6"
            ],
            "provision_vm_agent": true,
            "proximity_placement_group_id": "",
            "public_ip_address": "51.141.6.62",
            "public_ip_addresses": [
              "51.141.6.62"
            ],
            "resource_group_name": "TfAzLb_RG",
            "secret": [],
            "secure_boot_enabled": false,
            "size": "Standard_B1s",
            "source_image_id": "",
            "source_image_reference": [
              {
                "offer": "0001-com-ubuntu-server-focal",
                "publisher": "Canonical",
                "sku": "20_04-lts",
                "version": "latest"
              }
            ],
            "tags": null,
            "termination_notification": null,
            "timeouts": null,
            "user_data": "",
            "virtual_machine_id": "f92c9baa-fba4-4907-92b2-99adf21b14fa",
            "virtual_machine_scale_set_id": "",
            "vtpm_enabled": false,
            "zone": ""
          },
          "sensitive_attributes": [],
          "private": "eyJlMmJmYjczMC1lY2FhLTExZTYtOGY4OC0zNDM2M2JjN2M0YzAiOnsiY3JlYXRlIjoyNzAwMDAwMDAwMDAwLCJkZWxldGUiOjI3MDAwMDAwMDAwMDAsInJlYWQiOjMwMDAwMDAwMDAwMCwidXBkYXRlIjoyNzAwMDAwMDAwMDAwfX0=",
          "dependencies": [
            "module.ResourceGroup.azurerm_resource_group.TFResourceGrp1",
            "module.vmachine01.azurerm_network_interface.TFModuleNic",
            "module.vmachine01.azurerm_public_ip.TfAzLbPublicIP",
            "module.vnet.azurerm_subnet.TFSubnet1",
            "module.vnet.azurerm_virtual_network.TFVNetwork1"
          ]
        }
      ]
    },
    {
      "module": "module.vmachine01",
      "mode": "managed",
      "type": "azurerm_network_interface",
      "name": "TFModuleNic",
      "provider": "provider[\"registry.terraform.io/hashicorp/azurerm\"]",
      "instances": [
        {
          "schema_version": 0,
          "attributes": {
            "applied_dns_servers": [],
            "dns_servers": [],
            "edge_zone": "",
            "enable_accelerated_networking": false,
            "enable_ip_forwarding": false,
            "id": "/subscriptions/94b0b67a-68c3-4c04-8d71-61ccceab493a/resourceGroups/TfAzLb_RG/providers/Microsoft.Network/networkInterfaces/TfAzLbNic01",
            "internal_dns_name_label": "",
            "internal_domain_name_suffix": "elaxsiyylnuu3fg2wumdvzez2f.cwx.internal.cloudapp.net",
            "ip_configuration": [
              {
                "gateway_load_balancer_frontend_ip_configuration_id": "",
                "name": "vm_ip_config",
                "primary": true,
                "private_ip_address": "10.0.1.6",
                "private_ip_address_allocation": "Dynamic",
                "private_ip_address_version": "IPv4",
                "public_ip_address_id": "/subscriptions/94b0b67a-68c3-4c04-8d71-61ccceab493a/resourceGroups/TfAzLb_RG/providers/Microsoft.Network/publicIPAddresses/TfAzLbPip01",
                "subnet_id": "/subscriptions/94b0b67a-68c3-4c04-8d71-61ccceab493a/resourceGroups/TfAzLb_RG/providers/Microsoft.Network/virtualNetworks/TfAzLbVnet/subnets/TfAzLbSubnet"
              }
            ],
            "location": "ukwest",
            "mac_address": "",
            "name": "TfAzLbNic01",
            "private_ip_address": "10.0.1.6",
            "private_ip_addresses": [
              "10.0.1.6"
            ],
            "resource_group_name": "TfAzLb_RG",
            "tags": null,
            "timeouts": null,
            "virtual_machine_id": ""
          },
          "sensitive_attributes": [],
          "private": "eyJlMmJmYjczMC1lY2FhLTExZTYtOGY4OC0zNDM2M2JjN2M0YzAiOnsiY3JlYXRlIjoxODAwMDAwMDAwMDAwLCJkZWxldGUiOjE4MDAwMDAwMDAwMDAsInJlYWQiOjMwMDAwMDAwMDAwMCwidXBkYXRlIjoxODAwMDAwMDAwMDAwfX0=",
          "dependencies": [
            "module.ResourceGroup.azurerm_resource_group.TFResourceGrp1",
            "module.vmachine01.azurerm_public_ip.TfAzLbPublicIP",
            "module.vnet.azurerm_subnet.TFSubnet1",
            "module.vnet.azurerm_virtual_network.TFVNetwork1"
          ]
        }
      ]
    },
    {
      "module": "module.vmachine01",
      "mode": "managed",
      "type": "azurerm_public_ip",
      "name": "TfAzLbPublicIP",
      "provider": "provider[\"registry.terraform.io/hashicorp/azurerm\"]",
      "instances": [
        {
          "schema_version": 0,
          "attributes": {
            "allocation_method": "Dynamic",
            "ddos_protection_mode": "VirtualNetworkInherited",
            "ddos_protection_plan_id": null,
            "domain_name_label": null,
            "edge_zone": "",
            "fqdn": null,
            "id": "/subscriptions/94b0b67a-68c3-4c04-8d71-61ccceab493a/resourceGroups/TfAzLb_RG/providers/Microsoft.Network/publicIPAddresses/TfAzLbPip01",
            "idle_timeout_in_minutes": 4,
            "ip_address": "",
            "ip_tags": null,
            "ip_version": "IPv4",
            "location": "ukwest",
            "name": "TfAzLbPip01",
            "public_ip_prefix_id": null,
            "resource_group_name": "TfAzLb_RG",
            "reverse_fqdn": null,
            "sku": "Basic",
            "sku_tier": "Regional",
            "tags": {
              "environment": "Development"
            },
            "timeouts": null,
            "zones": null
          },
          "sensitive_attributes": [],
          "private": "eyJlMmJmYjczMC1lY2FhLTExZTYtOGY4OC0zNDM2M2JjN2M0YzAiOnsiY3JlYXRlIjoxODAwMDAwMDAwMDAwLCJkZWxldGUiOjE4MDAwMDAwMDAwMDAsInJlYWQiOjMwMDAwMDAwMDAwMCwidXBkYXRlIjoxODAwMDAwMDAwMDAwfX0=",
          "dependencies": [
            "module.ResourceGroup.azurerm_resource_group.TFResourceGrp1"
          ]
        }
      ]
    },
    {
      "module": "module.vmachine02",
      "mode": "managed",
      "type": "azurerm_linux_virtual_machine",
      "name": "TFModuleVM",
      "provider": "provider[\"registry.terraform.io/hashicorp/azurerm\"]",
      "instances": [
        {
          "schema_version": 0,
          "attributes": {
            "additional_capabilities": [],
            "admin_password": "admin123!",
            "admin_ssh_key": [],
            "admin_username": "adminuser",
            "allow_extension_operations": true,
            "availability_set_id": "",
            "boot_diagnostics": [],
            "capacity_reservation_group_id": "",
            "computer_name": "TfAzLbVM02",
            "custom_data": null,
            "dedicated_host_group_id": "",
            "dedicated_host_id": "",
            "disable_password_authentication": false,
            "edge_zone": "",
            "encryption_at_host_enabled": false,
            "eviction_policy": "",
            "extensions_time_budget": "PT1H30M",
            "gallery_application": [],
            "id": "/subscriptions/94b0b67a-68c3-4c04-8d71-61ccceab493a/resourceGroups/TfAzLb_RG/providers/Microsoft.Compute/virtualMachines/TfAzLbVM02",
            "identity": [],
            "license_type": "",
            "location": "ukwest",
            "max_bid_price": -1,
            "name": "TfAzLbVM02",
            "network_interface_ids": [
              "/subscriptions/94b0b67a-68c3-4c04-8d71-61ccceab493a/resourceGroups/TfAzLb_RG/providers/Microsoft.Network/networkInterfaces/TfAzLbNic02"
            ],
            "os_disk": [
              {
                "caching": "ReadWrite",
                "diff_disk_settings": [],
                "disk_encryption_set_id": "",
                "disk_size_gb": 30,
                "name": "TfAzLbVM02_OsDisk_1_c880ec1614ba4aa486e8d47ddafb974b",
                "secure_vm_disk_encryption_set_id": "",
                "security_encryption_type": "",
                "storage_account_type": "Standard_LRS",
                "write_accelerator_enabled": false
              }
            ],
            "patch_assessment_mode": "ImageDefault",
            "patch_mode": "ImageDefault",
            "plan": [],
            "platform_fault_domain": -1,
            "priority": "Regular",
            "private_ip_address": "10.0.1.5",
            "private_ip_addresses": [
              "10.0.1.5"
            ],
            "provision_vm_agent": true,
            "proximity_placement_group_id": "",
            "public_ip_address": "51.141.0.182",
            "public_ip_addresses": [
              "51.141.0.182"
            ],
            "resource_group_name": "TfAzLb_RG",
            "secret": [],
            "secure_boot_enabled": false,
            "size": "Standard_B1s",
            "source_image_id": "",
            "source_image_reference": [
              {
                "offer": "0001-com-ubuntu-server-focal",
                "publisher": "Canonical",
                "sku": "20_04-lts",
                "version": "latest"
              }
            ],
            "tags": null,
            "termination_notification": null,
            "timeouts": null,
            "user_data": "",
            "virtual_machine_id": "5fc0af6a-05b2-49fd-8791-b05dc7166126",
            "virtual_machine_scale_set_id": "",
            "vtpm_enabled": false,
            "zone": ""
          },
          "sensitive_attributes": [],
          "private": "eyJlMmJmYjczMC1lY2FhLTExZTYtOGY4OC0zNDM2M2JjN2M0YzAiOnsiY3JlYXRlIjoyNzAwMDAwMDAwMDAwLCJkZWxldGUiOjI3MDAwMDAwMDAwMDAsInJlYWQiOjMwMDAwMDAwMDAwMCwidXBkYXRlIjoyNzAwMDAwMDAwMDAwfX0=",
          "dependencies": [
            "module.ResourceGroup.azurerm_resource_group.TFResourceGrp1",
            "module.vmachine02.azurerm_network_interface.TFModuleNic",
            "module.vmachine02.azurerm_public_ip.TfAzLbPublicIP",
            "module.vnet.azurerm_subnet.TFSubnet1",
            "module.vnet.azurerm_virtual_network.TFVNetwork1"
          ]
        }
      ]
    },
    {
      "module": "module.vmachine02",
      "mode": "managed",
      "type": "azurerm_network_interface",
      "name": "TFModuleNic",
      "provider": "provider[\"registry.terraform.io/hashicorp/azurerm\"]",
      "instances": [
        {
          "schema_version": 0,
          "attributes": {
            "applied_dns_servers": [],
            "dns_servers": [],
            "edge_zone": "",
            "enable_accelerated_networking": false,
            "enable_ip_forwarding": false,
            "id": "/subscriptions/94b0b67a-68c3-4c04-8d71-61ccceab493a/resourceGroups/TfAzLb_RG/providers/Microsoft.Network/networkInterfaces/TfAzLbNic02",
            "internal_dns_name_label": "",
            "internal_domain_name_suffix": "elaxsiyylnuu3fg2wumdvzez2f.cwx.internal.cloudapp.net",
            "ip_configuration": [
              {
                "gateway_load_balancer_frontend_ip_configuration_id": "",
                "name": "vm_ip_config",
                "primary": true,
                "private_ip_address": "10.0.1.5",
                "private_ip_address_allocation": "Dynamic",
                "private_ip_address_version": "IPv4",
                "public_ip_address_id": "/subscriptions/94b0b67a-68c3-4c04-8d71-61ccceab493a/resourceGroups/TfAzLb_RG/providers/Microsoft.Network/publicIPAddresses/TfAzLbPip02",
                "subnet_id": "/subscriptions/94b0b67a-68c3-4c04-8d71-61ccceab493a/resourceGroups/TfAzLb_RG/providers/Microsoft.Network/virtualNetworks/TfAzLbVnet/subnets/TfAzLbSubnet"
              }
            ],
            "location": "ukwest",
            "mac_address": "",
            "name": "TfAzLbNic02",
            "private_ip_address": "10.0.1.5",
            "private_ip_addresses": [
              "10.0.1.5"
            ],
            "resource_group_name": "TfAzLb_RG",
            "tags": null,
            "timeouts": null,
            "virtual_machine_id": ""
          },
          "sensitive_attributes": [],
          "private": "eyJlMmJmYjczMC1lY2FhLTExZTYtOGY4OC0zNDM2M2JjN2M0YzAiOnsiY3JlYXRlIjoxODAwMDAwMDAwMDAwLCJkZWxldGUiOjE4MDAwMDAwMDAwMDAsInJlYWQiOjMwMDAwMDAwMDAwMCwidXBkYXRlIjoxODAwMDAwMDAwMDAwfX0=",
          "dependencies": [
            "module.ResourceGroup.azurerm_resource_group.TFResourceGrp1",
            "module.vmachine02.azurerm_public_ip.TfAzLbPublicIP",
            "module.vnet.azurerm_subnet.TFSubnet1",
            "module.vnet.azurerm_virtual_network.TFVNetwork1"
          ]
        }
      ]
    },
    {
      "module": "module.vmachine02",
      "mode": "managed",
      "type": "azurerm_public_ip",
      "name": "TfAzLbPublicIP",
      "provider": "provider[\"registry.terraform.io/hashicorp/azurerm\"]",
      "instances": [
        {
          "schema_version": 0,
          "attributes": {
            "allocation_method": "Dynamic",
            "ddos_protection_mode": "VirtualNetworkInherited",
            "ddos_protection_plan_id": null,
            "domain_name_label": null,
            "edge_zone": "",
            "fqdn": null,
            "id": "/subscriptions/94b0b67a-68c3-4c04-8d71-61ccceab493a/resourceGroups/TfAzLb_RG/providers/Microsoft.Network/publicIPAddresses/TfAzLbPip02",
            "idle_timeout_in_minutes": 4,
            "ip_address": "",
            "ip_tags": null,
            "ip_version": "IPv4",
            "location": "ukwest",
            "name": "TfAzLbPip02",
            "public_ip_prefix_id": null,
            "resource_group_name": "TfAzLb_RG",
            "reverse_fqdn": null,
            "sku": "Basic",
            "sku_tier": "Regional",
            "tags": {
              "environment": "Development"
            },
            "timeouts": null,
            "zones": null
          },
          "sensitive_attributes": [],
          "private": "eyJlMmJmYjczMC1lY2FhLTExZTYtOGY4OC0zNDM2M2JjN2M0YzAiOnsiY3JlYXRlIjoxODAwMDAwMDAwMDAwLCJkZWxldGUiOjE4MDAwMDAwMDAwMDAsInJlYWQiOjMwMDAwMDAwMDAwMCwidXBkYXRlIjoxODAwMDAwMDAwMDAwfX0=",
          "dependencies": [
            "module.ResourceGroup.azurerm_resource_group.TFResourceGrp1"
          ]
        }
      ]
    },
    {
      "module": "module.vmachine03",
      "mode": "managed",
      "type": "azurerm_linux_virtual_machine",
      "name": "TFModuleVM",
      "provider": "provider[\"registry.terraform.io/hashicorp/azurerm\"]",
      "instances": [
        {
          "schema_version": 0,
          "attributes": {
            "additional_capabilities": [],
            "admin_password": "admin123!",
            "admin_ssh_key": [],
            "admin_username": "adminuser",
            "allow_extension_operations": true,
            "availability_set_id": "",
            "boot_diagnostics": [],
            "capacity_reservation_group_id": "",
            "computer_name": "TfAzLbVM03",
            "custom_data": null,
            "dedicated_host_group_id": "",
            "dedicated_host_id": "",
            "disable_password_authentication": false,
            "edge_zone": "",
            "encryption_at_host_enabled": false,
            "eviction_policy": "",
            "extensions_time_budget": "PT1H30M",
            "gallery_application": [],
            "id": "/subscriptions/94b0b67a-68c3-4c04-8d71-61ccceab493a/resourceGroups/TfAzLb_RG/providers/Microsoft.Compute/virtualMachines/TfAzLbVM03",
            "identity": [],
            "license_type": "",
            "location": "ukwest",
            "max_bid_price": -1,
            "name": "TfAzLbVM03",
            "network_interface_ids": [
              "/subscriptions/94b0b67a-68c3-4c04-8d71-61ccceab493a/resourceGroups/TfAzLb_RG/providers/Microsoft.Network/networkInterfaces/TfAzLbNic03"
            ],
            "os_disk": [
              {
                "caching": "ReadWrite",
                "diff_disk_settings": [],
                "disk_encryption_set_id": "",
                "disk_size_gb": 30,
                "name": "TfAzLbVM03_OsDisk_1_04fdd3d812af4035b154ee7165966cf8",
                "secure_vm_disk_encryption_set_id": "",
                "security_encryption_type": "",
                "storage_account_type": "Standard_LRS",
                "write_accelerator_enabled": false
              }
            ],
            "patch_assessment_mode": "ImageDefault",
            "patch_mode": "ImageDefault",
            "plan": [],
            "platform_fault_domain": -1,
            "priority": "Regular",
            "private_ip_address": "10.0.1.4",
            "private_ip_addresses": [
              "10.0.1.4"
            ],
            "provision_vm_agent": true,
            "proximity_placement_group_id": "",
            "public_ip_address": "51.141.6.107",
            "public_ip_addresses": [
              "51.141.6.107"
            ],
            "resource_group_name": "TfAzLb_RG",
            "secret": [],
            "secure_boot_enabled": false,
            "size": "Standard_B1s",
            "source_image_id": "",
            "source_image_reference": [
              {
                "offer": "0001-com-ubuntu-server-focal",
                "publisher": "Canonical",
                "sku": "20_04-lts",
                "version": "latest"
              }
            ],
            "tags": null,
            "termination_notification": null,
            "timeouts": null,
            "user_data": "",
            "virtual_machine_id": "4029ec17-c61f-4d68-9bae-43fdd2955696",
            "virtual_machine_scale_set_id": "",
            "vtpm_enabled": false,
            "zone": ""
          },
          "sensitive_attributes": [],
          "private": "eyJlMmJmYjczMC1lY2FhLTExZTYtOGY4OC0zNDM2M2JjN2M0YzAiOnsiY3JlYXRlIjoyNzAwMDAwMDAwMDAwLCJkZWxldGUiOjI3MDAwMDAwMDAwMDAsInJlYWQiOjMwMDAwMDAwMDAwMCwidXBkYXRlIjoyNzAwMDAwMDAwMDAwfX0=",
          "dependencies": [
            "module.ResourceGroup.azurerm_resource_group.TFResourceGrp1",
            "module.vmachine03.azurerm_network_interface.TFModuleNic",
            "module.vmachine03.azurerm_public_ip.TfAzLbPublicIP",
            "module.vnet.azurerm_subnet.TFSubnet1",
            "module.vnet.azurerm_virtual_network.TFVNetwork1"
          ]
        }
      ]
    },
    {
      "module": "module.vmachine03",
      "mode": "managed",
      "type": "azurerm_network_interface",
      "name": "TFModuleNic",
      "provider": "provider[\"registry.terraform.io/hashicorp/azurerm\"]",
      "instances": [
        {
          "schema_version": 0,
          "attributes": {
            "applied_dns_servers": [],
            "dns_servers": [],
            "edge_zone": "",
            "enable_accelerated_networking": false,
            "enable_ip_forwarding": false,
            "id": "/subscriptions/94b0b67a-68c3-4c04-8d71-61ccceab493a/resourceGroups/TfAzLb_RG/providers/Microsoft.Network/networkInterfaces/TfAzLbNic03",
            "internal_dns_name_label": "",
            "internal_domain_name_suffix": "elaxsiyylnuu3fg2wumdvzez2f.cwx.internal.cloudapp.net",
            "ip_configuration": [
              {
                "gateway_load_balancer_frontend_ip_configuration_id": "",
                "name": "vm_ip_config",
                "primary": true,
                "private_ip_address": "10.0.1.4",
                "private_ip_address_allocation": "Dynamic",
                "private_ip_address_version": "IPv4",
                "public_ip_address_id": "/subscriptions/94b0b67a-68c3-4c04-8d71-61ccceab493a/resourceGroups/TfAzLb_RG/providers/Microsoft.Network/publicIPAddresses/TfAzLbPip03",
                "subnet_id": "/subscriptions/94b0b67a-68c3-4c04-8d71-61ccceab493a/resourceGroups/TfAzLb_RG/providers/Microsoft.Network/virtualNetworks/TfAzLbVnet/subnets/TfAzLbSubnet"
              }
            ],
            "location": "ukwest",
            "mac_address": "",
            "name": "TfAzLbNic03",
            "private_ip_address": "10.0.1.4",
            "private_ip_addresses": [
              "10.0.1.4"
            ],
            "resource_group_name": "TfAzLb_RG",
            "tags": null,
            "timeouts": null,
            "virtual_machine_id": ""
          },
          "sensitive_attributes": [],
          "private": "eyJlMmJmYjczMC1lY2FhLTExZTYtOGY4OC0zNDM2M2JjN2M0YzAiOnsiY3JlYXRlIjoxODAwMDAwMDAwMDAwLCJkZWxldGUiOjE4MDAwMDAwMDAwMDAsInJlYWQiOjMwMDAwMDAwMDAwMCwidXBkYXRlIjoxODAwMDAwMDAwMDAwfX0=",
          "dependencies": [
            "module.ResourceGroup.azurerm_resource_group.TFResourceGrp1",
            "module.vmachine03.azurerm_public_ip.TfAzLbPublicIP",
            "module.vnet.azurerm_subnet.TFSubnet1",
            "module.vnet.azurerm_virtual_network.TFVNetwork1"
          ]
        }
      ]
    },
    {
      "module": "module.vmachine03",
      "mode": "managed",
      "type": "azurerm_public_ip",
      "name": "TfAzLbPublicIP",
      "provider": "provider[\"registry.terraform.io/hashicorp/azurerm\"]",
      "instances": [
        {
          "schema_version": 0,
          "attributes": {
            "allocation_method": "Dynamic",
            "ddos_protection_mode": "VirtualNetworkInherited",
            "ddos_protection_plan_id": null,
            "domain_name_label": null,
            "edge_zone": "",
            "fqdn": null,
            "id": "/subscriptions/94b0b67a-68c3-4c04-8d71-61ccceab493a/resourceGroups/TfAzLb_RG/providers/Microsoft.Network/publicIPAddresses/TfAzLbPip03",
            "idle_timeout_in_minutes": 4,
            "ip_address": "",
            "ip_tags": null,
            "ip_version": "IPv4",
            "location": "ukwest",
            "name": "TfAzLbPip03",
            "public_ip_prefix_id": null,
            "resource_group_name": "TfAzLb_RG",
            "reverse_fqdn": null,
            "sku": "Basic",
            "sku_tier": "Regional",
            "tags": {
              "environment": "Development"
            },
            "timeouts": null,
            "zones": null
          },
          "sensitive_attributes": [],
          "private": "eyJlMmJmYjczMC1lY2FhLTExZTYtOGY4OC0zNDM2M2JjN2M0YzAiOnsiY3JlYXRlIjoxODAwMDAwMDAwMDAwLCJkZWxldGUiOjE4MDAwMDAwMDAwMDAsInJlYWQiOjMwMDAwMDAwMDAwMCwidXBkYXRlIjoxODAwMDAwMDAwMDAwfX0=",
          "dependencies": [
            "module.ResourceGroup.azurerm_resource_group.TFResourceGrp1"
          ]
        }
      ]
    },
    {
      "module": "module.vnet",
      "mode": "managed",
      "type": "azurerm_subnet",
      "name": "TFSubnet1",
      "provider": "provider[\"registry.terraform.io/hashicorp/azurerm\"]",
      "instances": [
        {
          "schema_version": 0,
          "attributes": {
            "address_prefixes": [
              "10.0.1.0/24"
            ],
            "delegation": [],
            "enforce_private_link_endpoint_network_policies": false,
            "enforce_private_link_service_network_policies": false,
            "id": "/subscriptions/94b0b67a-68c3-4c04-8d71-61ccceab493a/resourceGroups/TfAzLb_RG/providers/Microsoft.Network/virtualNetworks/TfAzLbVnet/subnets/TfAzLbSubnet",
            "name": "TfAzLbSubnet",
            "private_endpoint_network_policies_enabled": true,
            "private_link_service_network_policies_enabled": true,
            "resource_group_name": "TfAzLb_RG",
            "service_endpoint_policy_ids": null,
            "service_endpoints": null,
            "timeouts": null,
            "virtual_network_name": "TfAzLbVnet"
          },
          "sensitive_attributes": [],
          "private": "eyJlMmJmYjczMC1lY2FhLTExZTYtOGY4OC0zNDM2M2JjN2M0YzAiOnsiY3JlYXRlIjoxODAwMDAwMDAwMDAwLCJkZWxldGUiOjE4MDAwMDAwMDAwMDAsInJlYWQiOjMwMDAwMDAwMDAwMCwidXBkYXRlIjoxODAwMDAwMDAwMDAwfX0=",
          "dependencies": [
            "module.ResourceGroup.azurerm_resource_group.TFResourceGrp1",
            "module.vnet.azurerm_virtual_network.TFVNetwork1"
          ]
        }
      ]
    },
    {
      "module": "module.vnet",
      "mode": "managed",
      "type": "azurerm_virtual_network",
      "name": "TFVNetwork1",
      "provider": "provider[\"registry.terraform.io/hashicorp/azurerm\"]",
      "instances": [
        {
          "schema_version": 0,
          "attributes": {
            "address_space": [
              "10.0.0.0/16"
            ],
            "bgp_community": "",
            "ddos_protection_plan": [],
            "dns_servers": [],
            "edge_zone": "",
            "flow_timeout_in_minutes": 0,
            "guid": "2379c122-5b18-4e69-94dc-b5183ae499e5",
            "id": "/subscriptions/94b0b67a-68c3-4c04-8d71-61ccceab493a/resourceGroups/TfAzLb_RG/providers/Microsoft.Network/virtualNetworks/TfAzLbVnet",
            "location": "ukwest",
            "name": "TfAzLbVnet",
            "resource_group_name": "TfAzLb_RG",
            "subnet": [],
            "tags": {
              "environment": "Development"
            },
            "timeouts": null
          },
          "sensitive_attributes": [],
          "private": "eyJlMmJmYjczMC1lY2FhLTExZTYtOGY4OC0zNDM2M2JjN2M0YzAiOnsiY3JlYXRlIjoxODAwMDAwMDAwMDAwLCJkZWxldGUiOjE4MDAwMDAwMDAwMDAsInJlYWQiOjMwMDAwMDAwMDAwMCwidXBkYXRlIjoxODAwMDAwMDAwMDAwfX0=",
          "dependencies": [
            "module.ResourceGroup.azurerm_resource_group.TFResourceGrp1"
          ]
        }
      ]
    }
  ],
  "check_results": null
}
